// !$*UTF8*$!
{
	archiveVersion = 1;
	classes = {
	};
	objectVersion = 77;
	objects = {

/* Begin PBXBuildFile section */
		4D6B9BA918E479E000E4C0BE /* Foundation.framework in Frameworks */ = {isa = PBXBuildFile; fileRef = 4D6B9BA818E479E000E4C0BE /* Foundation.framework */; };
		4D6B9BAB18E479E000E4C0BE /* CoreGraphics.framework in Frameworks */ = {isa = PBXBuildFile; fileRef = 4D6B9BAA18E479E000E4C0BE /* CoreGraphics.framework */; };
		4D6B9BAD18E479E000E4C0BE /* UIKit.framework in Frameworks */ = {isa = PBXBuildFile; fileRef = 4D6B9BAC18E479E000E4C0BE /* UIKit.framework */; };
		4D6B9BB318E479E100E4C0BE /* InfoPlist.strings in Resources */ = {isa = PBXBuildFile; fileRef = 4D6B9BB118E479E100E4C0BE /* InfoPlist.strings */; };
		4D6B9BB518E479E100E4C0BE /* main.m in Sources */ = {isa = PBXBuildFile; fileRef = 4D6B9BB418E479E100E4C0BE /* main.m */; };
		4D6B9BB918E479E100E4C0BE /* AppDelegate.m in Sources */ = {isa = PBXBuildFile; fileRef = 4D6B9BB818E479E100E4C0BE /* AppDelegate.m */; };
		4D6B9BBC18E479E100E4C0BE /* Main.storyboard in Resources */ = {isa = PBXBuildFile; fileRef = 4D6B9BBA18E479E100E4C0BE /* Main.storyboard */; };
		4D6B9BBF18E479E100E4C0BE /* ViewController.m in Sources */ = {isa = PBXBuildFile; fileRef = 4D6B9BBE18E479E100E4C0BE /* ViewController.m */; };
		4D6B9BC118E479E100E4C0BE /* Images.xcassets in Resources */ = {isa = PBXBuildFile; fileRef = 4D6B9BC018E479E100E4C0BE /* Images.xcassets */; };
		4D6B9BC818E479E100E4C0BE /* XCTest.framework in Frameworks */ = {isa = PBXBuildFile; fileRef = 4D6B9BC718E479E100E4C0BE /* XCTest.framework */; };
		4D6B9BC918E479E100E4C0BE /* Foundation.framework in Frameworks */ = {isa = PBXBuildFile; fileRef = 4D6B9BA818E479E000E4C0BE /* Foundation.framework */; };
		4D6B9BCA18E479E100E4C0BE /* UIKit.framework in Frameworks */ = {isa = PBXBuildFile; fileRef = 4D6B9BAC18E479E000E4C0BE /* UIKit.framework */; };
		4D6B9BD218E479E100E4C0BE /* InfoPlist.strings in Resources */ = {isa = PBXBuildFile; fileRef = 4D6B9BD018E479E100E4C0BE /* InfoPlist.strings */; };
		4D6B9BD418E479E100E4C0BE /* FFBadgedBarButtonItemTests.m in Sources */ = {isa = PBXBuildFile; fileRef = 4D6B9BD318E479E100E4C0BE /* FFBadgedBarButtonItemTests.m */; };
		4DAB5C5D2D6BA0F300AB1EF9 /* FFBadgedBarButtonItem in Frameworks */ = {isa = PBXBuildFile; productRef = 4DAB5C5C2D6BA0F300AB1EF9 /* FFBadgedBarButtonItem */; };
		4DE6C9702D6B8DF6005FFE79 /* FFBadgedBarButtonItem.swift in Sources */ = {isa = PBXBuildFile; fileRef = 4DE6C96D2D6B8DF6005FFE79 /* FFBadgedBarButtonItem.swift */; };
/* End PBXBuildFile section */

/* Begin PBXContainerItemProxy section */
		4D6B9BCB18E479E100E4C0BE /* PBXContainerItemProxy */ = {
			isa = PBXContainerItemProxy;
			containerPortal = 4D6B9B9D18E479E000E4C0BE /* Project object */;
			proxyType = 1;
			remoteGlobalIDString = 4D6B9BA418E479E000E4C0BE;
			remoteInfo = FFBadgedBarButtonItem;
		};
/* End PBXContainerItemProxy section */

/* Begin PBXFileReference section */
		4D6B9BA518E479E000E4C0BE /* FFBadgedBarButtonItem-Demo.app */ = {isa = PBXFileReference; explicitFileType = wrapper.application; includeInIndex = 0; path = "FFBadgedBarButtonItem-Demo.app"; sourceTree = BUILT_PRODUCTS_DIR; };
		4D6B9BA818E479E000E4C0BE /* Foundation.framework */ = {isa = PBXFileReference; lastKnownFileType = wrapper.framework; name = Foundation.framework; path = System/Library/Frameworks/Foundation.framework; sourceTree = SDKROOT; };
		4D6B9BAA18E479E000E4C0BE /* CoreGraphics.framework */ = {isa = PBXFileReference; lastKnownFileType = wrapper.framework; name = CoreGraphics.framework; path = System/Library/Frameworks/CoreGraphics.framework; sourceTree = SDKROOT; };
		4D6B9BAC18E479E000E4C0BE /* UIKit.framework */ = {isa = PBXFileReference; lastKnownFileType = wrapper.framework; name = UIKit.framework; path = System/Library/Frameworks/UIKit.framework; sourceTree = SDKROOT; };
		4D6B9BB018E479E100E4C0BE /* FFBadgedBarButtonItem-Info.plist */ = {isa = PBXFileReference; lastKnownFileType = text.plist.xml; path = "FFBadgedBarButtonItem-Info.plist"; sourceTree = "<group>"; };
		4D6B9BB218E479E100E4C0BE /* en */ = {isa = PBXFileReference; lastKnownFileType = text.plist.strings; name = en; path = en.lproj/InfoPlist.strings; sourceTree = "<group>"; };
		4D6B9BB418E479E100E4C0BE /* main.m */ = {isa = PBXFileReference; lastKnownFileType = sourcecode.c.objc; path = main.m; sourceTree = "<group>"; };
		4D6B9BB618E479E100E4C0BE /* FFBadgedBarButtonItem-Prefix.pch */ = {isa = PBXFileReference; lastKnownFileType = sourcecode.c.h; path = "FFBadgedBarButtonItem-Prefix.pch"; sourceTree = "<group>"; };
		4D6B9BB718E479E100E4C0BE /* AppDelegate.h */ = {isa = PBXFileReference; lastKnownFileType = sourcecode.c.h; path = AppDelegate.h; sourceTree = "<group>"; };
		4D6B9BB818E479E100E4C0BE /* AppDelegate.m */ = {isa = PBXFileReference; lastKnownFileType = sourcecode.c.objc; path = AppDelegate.m; sourceTree = "<group>"; };
		4D6B9BBB18E479E100E4C0BE /* Base */ = {isa = PBXFileReference; lastKnownFileType = file.storyboard; name = Base; path = Base.lproj/Main.storyboard; sourceTree = "<group>"; };
		4D6B9BBD18E479E100E4C0BE /* ViewController.h */ = {isa = PBXFileReference; lastKnownFileType = sourcecode.c.h; path = ViewController.h; sourceTree = "<group>"; };
		4D6B9BBE18E479E100E4C0BE /* ViewController.m */ = {isa = PBXFileReference; lastKnownFileType = sourcecode.c.objc; path = ViewController.m; sourceTree = "<group>"; };
		4D6B9BC018E479E100E4C0BE /* Images.xcassets */ = {isa = PBXFileReference; lastKnownFileType = folder.assetcatalog; path = Images.xcassets; sourceTree = "<group>"; };
		4D6B9BC618E479E100E4C0BE /* FFBadgedBarButtonItemTests.xctest */ = {isa = PBXFileReference; explicitFileType = wrapper.cfbundle; includeInIndex = 0; path = FFBadgedBarButtonItemTests.xctest; sourceTree = BUILT_PRODUCTS_DIR; };
		4D6B9BC718E479E100E4C0BE /* XCTest.framework */ = {isa = PBXFileReference; lastKnownFileType = wrapper.framework; name = XCTest.framework; path = Library/Frameworks/XCTest.framework; sourceTree = DEVELOPER_DIR; };
		4D6B9BCF18E479E100E4C0BE /* FFBadgedBarButtonItemTests-Info.plist */ = {isa = PBXFileReference; lastKnownFileType = text.plist.xml; path = "FFBadgedBarButtonItemTests-Info.plist"; sourceTree = "<group>"; };
		4D6B9BD118E479E100E4C0BE /* en */ = {isa = PBXFileReference; lastKnownFileType = text.plist.strings; name = en; path = en.lproj/InfoPlist.strings; sourceTree = "<group>"; };
		4D6B9BD318E479E100E4C0BE /* FFBadgedBarButtonItemTests.m */ = {isa = PBXFileReference; lastKnownFileType = sourcecode.c.objc; path = FFBadgedBarButtonItemTests.m; sourceTree = "<group>"; };
		4DE6C96D2D6B8DF6005FFE79 /* FFBadgedBarButtonItem.swift */ = {isa = PBXFileReference; lastKnownFileType = sourcecode.swift; path = FFBadgedBarButtonItem.swift; sourceTree = "<group>"; };
		4DE6C9732D6B9AB8005FFE79 /* FFBadgedBarButtonItem-Bridging-Header.h */ = {isa = PBXFileReference; lastKnownFileType = sourcecode.c.h; path = "FFBadgedBarButtonItem-Bridging-Header.h"; sourceTree = "<group>"; };
/* End PBXFileReference section */

/* Begin PBXFrameworksBuildPhase section */
		4D6B9BA218E479E000E4C0BE /* Frameworks */ = {
			isa = PBXFrameworksBuildPhase;
			buildActionMask = 2147483647;
			files = (
				4DAB5C5D2D6BA0F300AB1EF9 /* FFBadgedBarButtonItem in Frameworks */,
				4D6B9BAB18E479E000E4C0BE /* CoreGraphics.framework in Frameworks */,
				4D6B9BAD18E479E000E4C0BE /* UIKit.framework in Frameworks */,
				4D6B9BA918E479E000E4C0BE /* Foundation.framework in Frameworks */,
			);
			runOnlyForDeploymentPostprocessing = 0;
		};
		4D6B9BC318E479E100E4C0BE /* Frameworks */ = {
			isa = PBXFrameworksBuildPhase;
			buildActionMask = 2147483647;
			files = (
				4D6B9BC818E479E100E4C0BE /* XCTest.framework in Frameworks */,
				4D6B9BCA18E479E100E4C0BE /* UIKit.framework in Frameworks */,
				4D6B9BC918E479E100E4C0BE /* Foundation.framework in Frameworks */,
			);
			runOnlyForDeploymentPostprocessing = 0;
		};
/* End PBXFrameworksBuildPhase section */

/* Begin PBXGroup section */
		4D6B9B9C18E479E000E4C0BE = {
			isa = PBXGroup;
			children = (
				4DE6C96F2D6B8DF6005FFE79 /* Sources */,
				4D6B9BAE18E479E000E4C0BE /* FFBadgedBarButtonItem */,
				4D6B9BCD18E479E100E4C0BE /* FFBadgedBarButtonItemTests */,
				4D6B9BA718E479E000E4C0BE /* Frameworks */,
				4D6B9BA618E479E000E4C0BE /* Products */,
			);
			sourceTree = "<group>";
		};
		4D6B9BA618E479E000E4C0BE /* Products */ = {
			isa = PBXGroup;
			children = (
				4D6B9BA518E479E000E4C0BE /* FFBadgedBarButtonItem-Demo.app */,
				4D6B9BC618E479E100E4C0BE /* FFBadgedBarButtonItemTests.xctest */,
			);
			name = Products;
			sourceTree = "<group>";
		};
		4D6B9BA718E479E000E4C0BE /* Frameworks */ = {
			isa = PBXGroup;
			children = (
				4D6B9BA818E479E000E4C0BE /* Foundation.framework */,
				4D6B9BAA18E479E000E4C0BE /* CoreGraphics.framework */,
				4D6B9BAC18E479E000E4C0BE /* UIKit.framework */,
				4D6B9BC718E479E100E4C0BE /* XCTest.framework */,
			);
			name = Frameworks;
			sourceTree = "<group>";
		};
		4D6B9BAE18E479E000E4C0BE /* FFBadgedBarButtonItem */ = {
			isa = PBXGroup;
			children = (
				4D6B9BB718E479E100E4C0BE /* AppDelegate.h */,
				4D6B9BB818E479E100E4C0BE /* AppDelegate.m */,
				4D6B9BBA18E479E100E4C0BE /* Main.storyboard */,
				4D6B9BBD18E479E100E4C0BE /* ViewController.h */,
				4D6B9BBE18E479E100E4C0BE /* ViewController.m */,
				4D6B9BC018E479E100E4C0BE /* Images.xcassets */,
				4D6B9BAF18E479E100E4C0BE /* Supporting Files */,
				4DE6C9732D6B9AB8005FFE79 /* FFBadgedBarButtonItem-Bridging-Header.h */,
			);
			path = FFBadgedBarButtonItem;
			sourceTree = "<group>";
		};
		4D6B9BAF18E479E100E4C0BE /* Supporting Files */ = {
			isa = PBXGroup;
			children = (
				4D6B9BB018E479E100E4C0BE /* FFBadgedBarButtonItem-Info.plist */,
				4D6B9BB118E479E100E4C0BE /* InfoPlist.strings */,
				4D6B9BB418E479E100E4C0BE /* main.m */,
				4D6B9BB618E479E100E4C0BE /* FFBadgedBarButtonItem-Prefix.pch */,
			);
			name = "Supporting Files";
			sourceTree = "<group>";
		};
		4D6B9BCD18E479E100E4C0BE /* FFBadgedBarButtonItemTests */ = {
			isa = PBXGroup;
			children = (
				4D6B9BD318E479E100E4C0BE /* FFBadgedBarButtonItemTests.m */,
				4D6B9BCE18E479E100E4C0BE /* Supporting Files */,
			);
			path = FFBadgedBarButtonItemTests;
			sourceTree = "<group>";
		};
		4D6B9BCE18E479E100E4C0BE /* Supporting Files */ = {
			isa = PBXGroup;
			children = (
				4D6B9BCF18E479E100E4C0BE /* FFBadgedBarButtonItemTests-Info.plist */,
				4D6B9BD018E479E100E4C0BE /* InfoPlist.strings */,
			);
			name = "Supporting Files";
			sourceTree = "<group>";
		};
		4DE6C96E2D6B8DF6005FFE79 /* FFBadgedBarButtonItem */ = {
			isa = PBXGroup;
			children = (
				4DE6C96D2D6B8DF6005FFE79 /* FFBadgedBarButtonItem.swift */,
			);
			path = FFBadgedBarButtonItem;
			sourceTree = "<group>";
		};
		4DE6C96F2D6B8DF6005FFE79 /* Sources */ = {
			isa = PBXGroup;
			children = (
				4DE6C96E2D6B8DF6005FFE79 /* FFBadgedBarButtonItem */,
			);
			path = Sources;
			sourceTree = "<group>";
		};
/* End PBXGroup section */

/* Begin PBXNativeTarget section */
		4D6B9BA418E479E000E4C0BE /* FFBadgedBarButtonItem-Demo */ = {
			isa = PBXNativeTarget;
			buildConfigurationList = 4D6B9BD718E479E100E4C0BE /* Build configuration list for PBXNativeTarget "FFBadgedBarButtonItem-Demo" */;
			buildPhases = (
				4D6B9BA118E479E000E4C0BE /* Sources */,
				4D6B9BA218E479E000E4C0BE /* Frameworks */,
				4D6B9BA318E479E000E4C0BE /* Resources */,
			);
			buildRules = (
			);
			dependencies = (
			);
			name = "FFBadgedBarButtonItem-Demo";
			productName = FFBadgedBarButtonItem;
			productReference = 4D6B9BA518E479E000E4C0BE /* FFBadgedBarButtonItem-Demo.app */;
			productType = "com.apple.product-type.application";
		};
		4D6B9BC518E479E100E4C0BE /* FFBadgedBarButtonItemTests */ = {
			isa = PBXNativeTarget;
			buildConfigurationList = 4D6B9BDA18E479E100E4C0BE /* Build configuration list for PBXNativeTarget "FFBadgedBarButtonItemTests" */;
			buildPhases = (
				4D6B9BC218E479E100E4C0BE /* Sources */,
				4D6B9BC318E479E100E4C0BE /* Frameworks */,
				4D6B9BC418E479E100E4C0BE /* Resources */,
			);
			buildRules = (
			);
			dependencies = (
				4D6B9BCC18E479E100E4C0BE /* PBXTargetDependency */,
			);
			name = FFBadgedBarButtonItemTests;
			productName = FFBadgedBarButtonItemTests;
			productReference = 4D6B9BC618E479E100E4C0BE /* FFBadgedBarButtonItemTests.xctest */;
			productType = "com.apple.product-type.bundle.unit-test";
		};
/* End PBXNativeTarget section */

/* Begin PBXProject section */
		4D6B9B9D18E479E000E4C0BE /* Project object */ = {
			isa = PBXProject;
			attributes = {
				BuildIndependentTargetsInParallel = YES;
				LastUpgradeCheck = 1620;
				ORGANIZATIONNAME = "Hawk iMedia";
				TargetAttributes = {
					4D6B9BC518E479E100E4C0BE = {
						TestTargetID = 4D6B9BA418E479E000E4C0BE;
					};
				};
			};
			buildConfigurationList = 4D6B9BA018E479E000E4C0BE /* Build configuration list for PBXProject "FFBadgedBarButtonItem" */;
			developmentRegion = en;
			hasScannedForEncodings = 0;
			knownRegions = (
				en,
				Base,
			);
			mainGroup = 4D6B9B9C18E479E000E4C0BE;
			packageReferences = (
				4DAB5C5B2D6BA0F300AB1EF9 /* XCLocalSwiftPackageReference "../FFBadgedBarButtonItem" */,
			);
			preferredProjectObjectVersion = 77;
			productRefGroup = 4D6B9BA618E479E000E4C0BE /* Products */;
			projectDirPath = "";
			projectRoot = "";
			targets = (
				4D6B9BA418E479E000E4C0BE /* FFBadgedBarButtonItem-Demo */,
				4D6B9BC518E479E100E4C0BE /* FFBadgedBarButtonItemTests */,
			);
		};
/* End PBXProject section */

/* Begin PBXResourcesBuildPhase section */
		4D6B9BA318E479E000E4C0BE /* Resources */ = {
			isa = PBXResourcesBuildPhase;
			buildActionMask = 2147483647;
			files = (
				4D6B9BC118E479E100E4C0BE /* Images.xcassets in Resources */,
				4D6B9BB318E479E100E4C0BE /* InfoPlist.strings in Resources */,
				4D6B9BBC18E479E100E4C0BE /* Main.storyboard in Resources */,
			);
			runOnlyForDeploymentPostprocessing = 0;
		};
		4D6B9BC418E479E100E4C0BE /* Resources */ = {
			isa = PBXResourcesBuildPhase;
			buildActionMask = 2147483647;
			files = (
				4D6B9BD218E479E100E4C0BE /* InfoPlist.strings in Resources */,
			);
			runOnlyForDeploymentPostprocessing = 0;
		};
/* End PBXResourcesBuildPhase section */

/* Begin PBXSourcesBuildPhase section */
		4D6B9BA118E479E000E4C0BE /* Sources */ = {
			isa = PBXSourcesBuildPhase;
			buildActionMask = 2147483647;
			files = (
				4D6B9BBF18E479E100E4C0BE /* ViewController.m in Sources */,
				4D6B9BB918E479E100E4C0BE /* AppDelegate.m in Sources */,
				4DE6C9702D6B8DF6005FFE79 /* FFBadgedBarButtonItem.swift in Sources */,
				4D6B9BB518E479E100E4C0BE /* main.m in Sources */,
			);
			runOnlyForDeploymentPostprocessing = 0;
		};
		4D6B9BC218E479E100E4C0BE /* Sources */ = {
			isa = PBXSourcesBuildPhase;
			buildActionMask = 2147483647;
			files = (
				4D6B9BD418E479E100E4C0BE /* FFBadgedBarButtonItemTests.m in Sources */,
			);
			runOnlyForDeploymentPostprocessing = 0;
		};
/* End PBXSourcesBuildPhase section */

/* Begin PBXTargetDependency section */
		4D6B9BCC18E479E100E4C0BE /* PBXTargetDependency */ = {
			isa = PBXTargetDependency;
			target = 4D6B9BA418E479E000E4C0BE /* FFBadgedBarButtonItem-Demo */;
			targetProxy = 4D6B9BCB18E479E100E4C0BE /* PBXContainerItemProxy */;
		};
/* End PBXTargetDependency section */

/* Begin PBXVariantGroup section */
		4D6B9BB118E479E100E4C0BE /* InfoPlist.strings */ = {
			isa = PBXVariantGroup;
			children = (
				4D6B9BB218E479E100E4C0BE /* en */,
			);
			name = InfoPlist.strings;
			sourceTree = "<group>";
		};
		4D6B9BBA18E479E100E4C0BE /* Main.storyboard */ = {
			isa = PBXVariantGroup;
			children = (
				4D6B9BBB18E479E100E4C0BE /* Base */,
			);
			name = Main.storyboard;
			sourceTree = "<group>";
		};
		4D6B9BD018E479E100E4C0BE /* InfoPlist.strings */ = {
			isa = PBXVariantGroup;
			children = (
				4D6B9BD118E479E100E4C0BE /* en */,
			);
			name = InfoPlist.strings;
			sourceTree = "<group>";
		};
/* End PBXVariantGroup section */

/* Begin XCBuildConfiguration section */
		4D6B9BD518E479E100E4C0BE /* Debug */ = {
			isa = XCBuildConfiguration;
			buildSettings = {
				ALWAYS_SEARCH_USER_PATHS = NO;
				ASSETCATALOG_COMPILER_GENERATE_SWIFT_ASSET_SYMBOL_EXTENSIONS = YES;
				CLANG_ANALYZER_LOCALIZABILITY_NONLOCALIZED = YES;
				CLANG_CXX_LANGUAGE_STANDARD = "gnu++0x";
				CLANG_CXX_LIBRARY = "libc++";
				CLANG_ENABLE_MODULES = YES;
				CLANG_ENABLE_OBJC_ARC = YES;
				CLANG_WARN_BLOCK_CAPTURE_AUTORELEASING = YES;
				CLANG_WARN_BOOL_CONVERSION = YES;
				CLANG_WARN_COMMA = YES;
				CLANG_WARN_CONSTANT_CONVERSION = YES;
				CLANG_WARN_DEPRECATED_OBJC_IMPLEMENTATIONS = YES;
				CLANG_WARN_DIRECT_OBJC_ISA_USAGE = YES_ERROR;
				CLANG_WARN_EMPTY_BODY = YES;
				CLANG_WARN_ENUM_CONVERSION = YES;
				CLANG_WARN_INFINITE_RECURSION = YES;
				CLANG_WARN_INT_CONVERSION = YES;
				CLANG_WARN_NON_LITERAL_NULL_CONVERSION = YES;
				CLANG_WARN_OBJC_IMPLICIT_RETAIN_SELF = YES;
				CLANG_WARN_OBJC_LITERAL_CONVERSION = YES;
				CLANG_WARN_OBJC_ROOT_CLASS = YES_ERROR;
				CLANG_WARN_QUOTED_INCLUDE_IN_FRAMEWORK_HEADER = YES;
				CLANG_WARN_RANGE_LOOP_ANALYSIS = YES;
				CLANG_WARN_STRICT_PROTOTYPES = YES;
				CLANG_WARN_SUSPICIOUS_MOVE = YES;
				CLANG_WARN_UNREACHABLE_CODE = YES;
				CLANG_WARN__DUPLICATE_METHOD_MATCH = YES;
				"CODE_SIGN_IDENTITY[sdk=iphoneos*]" = "iPhone Developer";
				COPY_PHASE_STRIP = NO;
				ENABLE_STRICT_OBJC_MSGSEND = YES;
				ENABLE_TESTABILITY = YES;
				ENABLE_USER_SCRIPT_SANDBOXING = YES;
				GCC_C_LANGUAGE_STANDARD = gnu99;
				GCC_DYNAMIC_NO_PIC = NO;
				GCC_NO_COMMON_BLOCKS = YES;
				GCC_OPTIMIZATION_LEVEL = 0;
				GCC_PREPROCESSOR_DEFINITIONS = (
					"DEBUG=1",
					"$(inherited)",
				);
				GCC_SYMBOLS_PRIVATE_EXTERN = NO;
				GCC_WARN_64_TO_32_BIT_CONVERSION = YES;
				GCC_WARN_ABOUT_RETURN_TYPE = YES_ERROR;
				GCC_WARN_UNDECLARED_SELECTOR = YES;
				GCC_WARN_UNINITIALIZED_AUTOS = YES_AGGRESSIVE;
				GCC_WARN_UNUSED_FUNCTION = YES;
				GCC_WARN_UNUSED_VARIABLE = YES;
				IPHONEOS_DEPLOYMENT_TARGET = 15.6;
				ONLY_ACTIVE_ARCH = YES;
				SDKROOT = iphoneos;
				SWIFT_OPTIMIZATION_LEVEL = "-Onone";
				SWIFT_VERSION = 6.0;
			};
			name = Debug;
		};
		4D6B9BD618E479E100E4C0BE /* Release */ = {
			isa = XCBuildConfiguration;
			buildSettings = {
				ALWAYS_SEARCH_USER_PATHS = NO;
				ASSETCATALOG_COMPILER_GENERATE_SWIFT_ASSET_SYMBOL_EXTENSIONS = YES;
				CLANG_ANALYZER_LOCALIZABILITY_NONLOCALIZED = YES;
				CLANG_CXX_LANGUAGE_STANDARD = "gnu++0x";
				CLANG_CXX_LIBRARY = "libc++";
				CLANG_ENABLE_MODULES = YES;
				CLANG_ENABLE_OBJC_ARC = YES;
				CLANG_WARN_BLOCK_CAPTURE_AUTORELEASING = YES;
				CLANG_WARN_BOOL_CONVERSION = YES;
				CLANG_WARN_COMMA = YES;
				CLANG_WARN_CONSTANT_CONVERSION = YES;
				CLANG_WARN_DEPRECATED_OBJC_IMPLEMENTATIONS = YES;
				CLANG_WARN_DIRECT_OBJC_ISA_USAGE = YES_ERROR;
				CLANG_WARN_EMPTY_BODY = YES;
				CLANG_WARN_ENUM_CONVERSION = YES;
				CLANG_WARN_INFINITE_RECURSION = YES;
				CLANG_WARN_INT_CONVERSION = YES;
				CLANG_WARN_NON_LITERAL_NULL_CONVERSION = YES;
				CLANG_WARN_OBJC_IMPLICIT_RETAIN_SELF = YES;
				CLANG_WARN_OBJC_LITERAL_CONVERSION = YES;
				CLANG_WARN_OBJC_ROOT_CLASS = YES_ERROR;
				CLANG_WARN_QUOTED_INCLUDE_IN_FRAMEWORK_HEADER = YES;
				CLANG_WARN_RANGE_LOOP_ANALYSIS = YES;
				CLANG_WARN_STRICT_PROTOTYPES = YES;
				CLANG_WARN_SUSPICIOUS_MOVE = YES;
				CLANG_WARN_UNREACHABLE_CODE = YES;
				CLANG_WARN__DUPLICATE_METHOD_MATCH = YES;
				"CODE_SIGN_IDENTITY[sdk=iphoneos*]" = "iPhone Developer";
				COPY_PHASE_STRIP = YES;
				ENABLE_NS_ASSERTIONS = NO;
				ENABLE_STRICT_OBJC_MSGSEND = YES;
				ENABLE_USER_SCRIPT_SANDBOXING = YES;
				GCC_C_LANGUAGE_STANDARD = gnu99;
				GCC_NO_COMMON_BLOCKS = YES;
				GCC_WARN_64_TO_32_BIT_CONVERSION = YES;
				GCC_WARN_ABOUT_RETURN_TYPE = YES_ERROR;
				GCC_WARN_UNDECLARED_SELECTOR = YES;
				GCC_WARN_UNINITIALIZED_AUTOS = YES_AGGRESSIVE;
				GCC_WARN_UNUSED_FUNCTION = YES;
				GCC_WARN_UNUSED_VARIABLE = YES;
				IPHONEOS_DEPLOYMENT_TARGET = 15.6;
				SDKROOT = iphoneos;
				SWIFT_COMPILATION_MODE = wholemodule;
				SWIFT_OPTIMIZATION_LEVEL = "-Onone";
				SWIFT_VERSION = 6.0;
				VALIDATE_PRODUCT = YES;
			};
			name = Release;
		};
		4D6B9BD818E479E100E4C0BE /* Debug */ = {
			isa = XCBuildConfiguration;
			buildSettings = {
				ASSETCATALOG_COMPILER_APPICON_NAME = AppIcon;
				ASSETCATALOG_COMPILER_LAUNCHIMAGE_NAME = "";
				GCC_PRECOMPILE_PREFIX_HEADER = YES;
				GCC_PREFIX_HEADER = "FFBadgedBarButtonItem/FFBadgedBarButtonItem-Prefix.pch";
				INFOPLIST_FILE = "FFBadgedBarButtonItem/FFBadgedBarButtonItem-Info.plist";
				IPHONEOS_DEPLOYMENT_TARGET = 15.6;
				PRODUCT_BUNDLE_IDENTIFIER = "com.hawkimedia.${PRODUCT_NAME:rfc1034identifier}";
				PRODUCT_NAME = "$(TARGET_NAME)";
				SUPPORTED_PLATFORMS = "iphoneos iphonesimulator";
				SUPPORTS_MACCATALYST = NO;
				SUPPORTS_MAC_DESIGNED_FOR_IPHONE_IPAD = NO;
				SUPPORTS_XR_DESIGNED_FOR_IPHONE_IPAD = NO;
				SWIFT_OBJC_BRIDGING_HEADER = "FFBadgedBarButtonItem/FFBadgedBarButtonItem-Bridging-Header.h";
				SWIFT_OPTIMIZATION_LEVEL = "-Onone";
				TARGETED_DEVICE_FAMILY = 1;
				WRAPPER_EXTENSION = app;
			};
			name = Debug;
		};
		4D6B9BD918E479E100E4C0BE /* Release */ = {
			isa = XCBuildConfiguration;
			buildSettings = {
				ASSETCATALOG_COMPILER_APPICON_NAME = AppIcon;
				ASSETCATALOG_COMPILER_LAUNCHIMAGE_NAME = "";
				GCC_PRECOMPILE_PREFIX_HEADER = YES;
				GCC_PREFIX_HEADER = "FFBadgedBarButtonItem/FFBadgedBarButtonItem-Prefix.pch";
				INFOPLIST_FILE = "FFBadgedBarButtonItem/FFBadgedBarButtonItem-Info.plist";
				IPHONEOS_DEPLOYMENT_TARGET = 15.6;
				PRODUCT_BUNDLE_IDENTIFIER = "com.hawkimedia.${PRODUCT_NAME:rfc1034identifier}";
				PRODUCT_NAME = "$(TARGET_NAME)";
				SUPPORTED_PLATFORMS = "iphoneos iphonesimulator";
				SUPPORTS_MACCATALYST = NO;
				SUPPORTS_MAC_DESIGNED_FOR_IPHONE_IPAD = NO;
				SUPPORTS_XR_DESIGNED_FOR_IPHONE_IPAD = NO;
				SWIFT_OBJC_BRIDGING_HEADER = "FFBadgedBarButtonItem/FFBadgedBarButtonItem-Bridging-Header.h";
				SWIFT_OPTIMIZATION_LEVEL = "-Onone";
				TARGETED_DEVICE_FAMILY = 1;
				WRAPPER_EXTENSION = app;
			};
			name = Release;
		};
		4D6B9BDB18E479E100E4C0BE /* Debug */ = {
			isa = XCBuildConfiguration;
			buildSettings = {
				BUNDLE_LOADER = "$(BUILT_PRODUCTS_DIR)/FFBadgedBarButtonItem.app/FFBadgedBarButtonItem";
				FRAMEWORK_SEARCH_PATHS = (
					"$(SDKROOT)/Developer/Library/Frameworks",
					"$(inherited)",
					"$(DEVELOPER_FRAMEWORKS_DIR)",
				);
				GCC_PRECOMPILE_PREFIX_HEADER = YES;
				GCC_PREFIX_HEADER = "FFBadgedBarButtonItem/FFBadgedBarButtonItem-Prefix.pch";
				GCC_PREPROCESSOR_DEFINITIONS = (
					"DEBUG=1",
					"$(inherited)",
				);
				INFOPLIST_FILE = "FFBadgedBarButtonItemTests/FFBadgedBarButtonItemTests-Info.plist";
				IPHONEOS_DEPLOYMENT_TARGET = 15.6;
				PRODUCT_BUNDLE_IDENTIFIER = "com.hawkimedia.${PRODUCT_NAME:rfc1034identifier}";
				PRODUCT_NAME = "$(TARGET_NAME)";
				TEST_HOST = "$(BUNDLE_LOADER)";
				WRAPPER_EXTENSION = xctest;
			};
			name = Debug;
		};
		4D6B9BDC18E479E100E4C0BE /* Release */ = {
			isa = XCBuildConfiguration;
			buildSettings = {
				BUNDLE_LOADER = "$(BUILT_PRODUCTS_DIR)/FFBadgedBarButtonItem.app/FFBadgedBarButtonItem";
				FRAMEWORK_SEARCH_PATHS = (
					"$(SDKROOT)/Developer/Library/Frameworks",
					"$(inherited)",
					"$(DEVELOPER_FRAMEWORKS_DIR)",
				);
				GCC_PRECOMPILE_PREFIX_HEADER = YES;
				GCC_PREFIX_HEADER = "FFBadgedBarButtonItem/FFBadgedBarButtonItem-Prefix.pch";
				INFOPLIST_FILE = "FFBadgedBarButtonItemTests/FFBadgedBarButtonItemTests-Info.plist";
				IPHONEOS_DEPLOYMENT_TARGET = 15.6;
				PRODUCT_BUNDLE_IDENTIFIER = "com.hawkimedia.${PRODUCT_NAME:rfc1034identifier}";
				PRODUCT_NAME = "$(TARGET_NAME)";
				TEST_HOST = "$(BUNDLE_LOADER)";
				WRAPPER_EXTENSION = xctest;
			};
			name = Release;
		};
/* End XCBuildConfiguration section */

/* Begin XCConfigurationList section */
		4D6B9BA018E479E000E4C0BE /* Build configuration list for PBXProject "FFBadgedBarButtonItem" */ = {
			isa = XCConfigurationList;
			buildConfigurations = (
				4D6B9BD518E479E100E4C0BE /* Debug */,
				4D6B9BD618E479E100E4C0BE /* Release */,
			);
			defaultConfigurationIsVisible = 0;
			defaultConfigurationName = Release;
		};
		4D6B9BD718E479E100E4C0BE /* Build configuration list for PBXNativeTarget "FFBadgedBarButtonItem-Demo" */ = {
			isa = XCConfigurationList;
			buildConfigurations = (
				4D6B9BD818E479E100E4C0BE /* Debug */,
				4D6B9BD918E479E100E4C0BE /* Release */,
			);
			defaultConfigurationIsVisible = 0;
			defaultConfigurationName = Release;
		};
		4D6B9BDA18E479E100E4C0BE /* Build configuration list for PBXNativeTarget "FFBadgedBarButtonItemTests" */ = {
			isa = XCConfigurationList;
			buildConfigurations = (
				4D6B9BDB18E479E100E4C0BE /* Debug */,
				4D6B9BDC18E479E100E4C0BE /* Release */,
			);
			defaultConfigurationIsVisible = 0;
			defaultConfigurationName = Release;
		};
/* End XCConfigurationList section */

/* Begin XCLocalSwiftPackageReference section */
		4DAB5C5B2D6BA0F300AB1EF9 /* XCLocalSwiftPackageReference "../FFBadgedBarButtonItem" */ = {
			isa = XCLocalSwiftPackageReference;
			relativePath = ../FFBadgedBarButtonItem;
		};
/* End XCLocalSwiftPackageReference section */

/* Begin XCSwiftPackageProductDependency section */
		4DAB5C5C2D6BA0F300AB1EF9 /* FFBadgedBarButtonItem */ = {
			isa = XCSwiftPackageProductDependency;
			productName = FFBadgedBarButtonItem;
		};
/* End XCSwiftPackageProductDependency section */
	};
	rootObject = 4D6B9B9D18E479E000E4C0BE /* Project object */;
}
